// !$*UTF8*$!
{
	archiveVersion = 1;
	classes = {
	};
	objectVersion = 55;
	objects = {

/* Begin PBXBuildFile section */
		527EEE752800195400C4DE75 /* AppDelegate.swift in Sources */ = {isa = PBXBuildFile; fileRef = 527EEE742800195400C4DE75 /* AppDelegate.swift */; };
		527EEE772800195400C4DE75 /* SceneDelegate.swift in Sources */ = {isa = PBXBuildFile; fileRef = 527EEE762800195400C4DE75 /* SceneDelegate.swift */; };
		527EEE792800195400C4DE75 /* ViewController.swift in Sources */ = {isa = PBXBuildFile; fileRef = 527EEE782800195400C4DE75 /* ViewController.swift */; };
		527EEE7E2800195500C4DE75 /* Assets.xcassets in Resources */ = {isa = PBXBuildFile; fileRef = 527EEE7D2800195500C4DE75 /* Assets.xcassets */; };
		527EEE812800195500C4DE75 /* LaunchScreen.storyboard in Resources */ = {isa = PBXBuildFile; fileRef = 527EEE7F2800195500C4DE75 /* LaunchScreen.storyboard */; };
		527EEE892800986900C4DE75 /* SingUpViewController.swift in Sources */ = {isa = PBXBuildFile; fileRef = 527EEE882800986800C4DE75 /* SingUpViewController.swift */; };
		527EEE8B28009A1200C4DE75 /* UIStackView + Extension.swift in Sources */ = {isa = PBXBuildFile; fileRef = 527EEE8A28009A1200C4DE75 /* UIStackView + Extension.swift */; };
		527EEE8E28009E0E00C4DE75 /* AlbumsViewController.swift in Sources */ = {isa = PBXBuildFile; fileRef = 527EEE8D28009E0D00C4DE75 /* AlbumsViewController.swift */; };
		527EEE9028019F5B00C4DE75 /* UserInfoController.swift in Sources */ = {isa = PBXBuildFile; fileRef = 527EEE8F28019F5B00C4DE75 /* UserInfoController.swift */; };
		527EEE922801A03A00C4DE75 /* UIViewController + Extension.swift in Sources */ = {isa = PBXBuildFile; fileRef = 527EEE912801A03A00C4DE75 /* UIViewController + Extension.swift */; };
		527EEE952801FF8600C4DE75 /* AlbumsTableViewCell.swift in Sources */ = {isa = PBXBuildFile; fileRef = 527EEE942801FF8600C4DE75 /* AlbumsTableViewCell.swift */; };
		527EEE972802005E00C4DE75 /* DetailAlbumsViewController.swift in Sources */ = {isa = PBXBuildFile; fileRef = 527EEE962802005E00C4DE75 /* DetailAlbumsViewController.swift */; };
		528360AD28030E0D00C50F6F /* SongCollectionViewCell.swift in Sources */ = {isa = PBXBuildFile; fileRef = 528360AC28030E0D00C50F6F /* SongCollectionViewCell.swift */; };
		528360AF2809AB5E00C50F6F /* String + Extension.swift in Sources */ = {isa = PBXBuildFile; fileRef = 528360AE2809AB5E00C50F6F /* String + Extension.swift */; };
		528360B22809E44E00C50F6F /* UserDefaultsManager.swift in Sources */ = {isa = PBXBuildFile; fileRef = 528360B12809E44E00C50F6F /* UserDefaultsManager.swift */; };
		528360B62809E62B00C50F6F /* UserModel.swift in Sources */ = {isa = PBXBuildFile; fileRef = 528360B52809E62B00C50F6F /* UserModel.swift */; };
		528360B8280A936000C50F6F /* AretrOk.swift in Sources */ = {isa = PBXBuildFile; fileRef = 528360B7280A936000C50F6F /* AretrOk.swift */; };
		528360BA280ADA0800C50F6F /* AlbumModel.swift in Sources */ = {isa = PBXBuildFile; fileRef = 528360B9280ADA0800C50F6F /* AlbumModel.swift */; };
		528360BD280AF05D00C50F6F /* NetWorkRequest.swift in Sources */ = {isa = PBXBuildFile; fileRef = 528360BC280AF05D00C50F6F /* NetWorkRequest.swift */; };
		528360BF280AF34400C50F6F /* NetworkDataFetch.swift in Sources */ = {isa = PBXBuildFile; fileRef = 528360BE280AF34400C50F6F /* NetworkDataFetch.swift */; };
		52AA2652281007310028CCCC /* SongsModel.swift in Sources */ = {isa = PBXBuildFile; fileRef = 52AA2651281007310028CCCC /* SongsModel.swift */; };
/* End PBXBuildFile section */

/* Begin PBXFileReference section */
		527EEE712800195400C4DE75 /* DarkMod.app */ = {isa = PBXFileReference; explicitFileType = wrapper.application; includeInIndex = 0; path = DarkMod.app; sourceTree = BUILT_PRODUCTS_DIR; };
		527EEE742800195400C4DE75 /* AppDelegate.swift */ = {isa = PBXFileReference; lastKnownFileType = sourcecode.swift; path = AppDelegate.swift; sourceTree = "<group>"; };
		527EEE762800195400C4DE75 /* SceneDelegate.swift */ = {isa = PBXFileReference; lastKnownFileType = sourcecode.swift; path = SceneDelegate.swift; sourceTree = "<group>"; };
		527EEE782800195400C4DE75 /* ViewController.swift */ = {isa = PBXFileReference; lastKnownFileType = sourcecode.swift; path = ViewController.swift; sourceTree = "<group>"; };
		527EEE7D2800195500C4DE75 /* Assets.xcassets */ = {isa = PBXFileReference; lastKnownFileType = folder.assetcatalog; path = Assets.xcassets; sourceTree = "<group>"; };
		527EEE802800195500C4DE75 /* Base */ = {isa = PBXFileReference; lastKnownFileType = file.storyboard; name = Base; path = Base.lproj/LaunchScreen.storyboard; sourceTree = "<group>"; };
		527EEE822800195500C4DE75 /* Info.plist */ = {isa = PBXFileReference; lastKnownFileType = text.plist.xml; path = Info.plist; sourceTree = "<group>"; };
		527EEE882800986800C4DE75 /* SingUpViewController.swift */ = {isa = PBXFileReference; lastKnownFileType = sourcecode.swift; path = SingUpViewController.swift; sourceTree = "<group>"; };
		527EEE8A28009A1200C4DE75 /* UIStackView + Extension.swift */ = {isa = PBXFileReference; lastKnownFileType = sourcecode.swift; path = "UIStackView + Extension.swift"; sourceTree = "<group>"; };
		527EEE8D28009E0D00C4DE75 /* AlbumsViewController.swift */ = {isa = PBXFileReference; lastKnownFileType = sourcecode.swift; path = AlbumsViewController.swift; sourceTree = "<group>"; };
		527EEE8F28019F5B00C4DE75 /* UserInfoController.swift */ = {isa = PBXFileReference; lastKnownFileType = sourcecode.swift; path = UserInfoController.swift; sourceTree = "<group>"; };
		527EEE912801A03A00C4DE75 /* UIViewController + Extension.swift */ = {isa = PBXFileReference; lastKnownFileType = sourcecode.swift; path = "UIViewController + Extension.swift"; sourceTree = "<group>"; };
		527EEE942801FF8600C4DE75 /* AlbumsTableViewCell.swift */ = {isa = PBXFileReference; lastKnownFileType = sourcecode.swift; path = AlbumsTableViewCell.swift; sourceTree = "<group>"; };
		527EEE962802005E00C4DE75 /* DetailAlbumsViewController.swift */ = {isa = PBXFileReference; lastKnownFileType = sourcecode.swift; path = DetailAlbumsViewController.swift; sourceTree = "<group>"; };
		528360AC28030E0D00C50F6F /* SongCollectionViewCell.swift */ = {isa = PBXFileReference; lastKnownFileType = sourcecode.swift; path = SongCollectionViewCell.swift; sourceTree = "<group>"; };
		528360AE2809AB5E00C50F6F /* String + Extension.swift */ = {isa = PBXFileReference; lastKnownFileType = sourcecode.swift; path = "String + Extension.swift"; sourceTree = "<group>"; };
		528360B12809E44E00C50F6F /* UserDefaultsManager.swift */ = {isa = PBXFileReference; lastKnownFileType = sourcecode.swift; path = UserDefaultsManager.swift; sourceTree = "<group>"; };
		528360B52809E62B00C50F6F /* UserModel.swift */ = {isa = PBXFileReference; lastKnownFileType = sourcecode.swift; path = UserModel.swift; sourceTree = "<group>"; };
		528360B7280A936000C50F6F /* AretrOk.swift */ = {isa = PBXFileReference; lastKnownFileType = sourcecode.swift; path = AretrOk.swift; sourceTree = "<group>"; };
		528360B9280ADA0800C50F6F /* AlbumModel.swift */ = {isa = PBXFileReference; lastKnownFileType = sourcecode.swift; path = AlbumModel.swift; sourceTree = "<group>"; };
		528360BC280AF05D00C50F6F /* NetWorkRequest.swift */ = {isa = PBXFileReference; lastKnownFileType = sourcecode.swift; path = NetWorkRequest.swift; sourceTree = "<group>"; };
		528360BE280AF34400C50F6F /* NetworkDataFetch.swift */ = {isa = PBXFileReference; lastKnownFileType = sourcecode.swift; path = NetworkDataFetch.swift; sourceTree = "<group>"; };
		52AA2651281007310028CCCC /* SongsModel.swift */ = {isa = PBXFileReference; lastKnownFileType = sourcecode.swift; path = SongsModel.swift; sourceTree = "<group>"; };
/* End PBXFileReference section */

/* Begin PBXFrameworksBuildPhase section */
		527EEE6E2800195400C4DE75 /* Frameworks */ = {
			isa = PBXFrameworksBuildPhase;
			buildActionMask = 2147483647;
			files = (
			);
			runOnlyForDeploymentPostprocessing = 0;
		};
/* End PBXFrameworksBuildPhase section */

/* Begin PBXGroup section */
		527EEE682800195400C4DE75 = {
			isa = PBXGroup;
			children = (
				527EEE732800195400C4DE75 /* DarkMod */,
				527EEE722800195400C4DE75 /* Products */,
			);
			sourceTree = "<group>";
		};
		527EEE722800195400C4DE75 /* Products */ = {
			isa = PBXGroup;
			children = (
				527EEE712800195400C4DE75 /* DarkMod.app */,
			);
			name = Products;
			sourceTree = "<group>";
		};
		527EEE732800195400C4DE75 /* DarkMod */ = {
			isa = PBXGroup;
			children = (
				527EEE742800195400C4DE75 /* AppDelegate.swift */,
				527EEE762800195400C4DE75 /* SceneDelegate.swift */,
				527EEE782800195400C4DE75 /* ViewController.swift */,
				527EEE882800986800C4DE75 /* SingUpViewController.swift */,
				527EEE8D28009E0D00C4DE75 /* AlbumsViewController.swift */,
				527EEE962802005E00C4DE75 /* DetailAlbumsViewController.swift */,
				527EEE8F28019F5B00C4DE75 /* UserInfoController.swift */,
				528360BB280AEFFA00C50F6F /* Network */,
				527EEE932801FF6200C4DE75 /* Cells */,
				528360B42809E5C400C50F6F /* Models */,
				528360B02809E40A00C50F6F /* Services */,
				527EEE8C28009B3100C4DE75 /* Extension */,
				527EEE7D2800195500C4DE75 /* Assets.xcassets */,
				527EEE7F2800195500C4DE75 /* LaunchScreen.storyboard */,
				527EEE822800195500C4DE75 /* Info.plist */,
			);
			path = DarkMod;
			sourceTree = "<group>";
		};
		527EEE8C28009B3100C4DE75 /* Extension */ = {
			isa = PBXGroup;
			children = (
				527EEE8A28009A1200C4DE75 /* UIStackView + Extension.swift */,
				527EEE912801A03A00C4DE75 /* UIViewController + Extension.swift */,
				528360AE2809AB5E00C50F6F /* String + Extension.swift */,
			);
			path = Extension;
			sourceTree = "<group>";
		};
		527EEE932801FF6200C4DE75 /* Cells */ = {
			isa = PBXGroup;
			children = (
				527EEE942801FF8600C4DE75 /* AlbumsTableViewCell.swift */,
				528360AC28030E0D00C50F6F /* SongCollectionViewCell.swift */,
			);
			path = Cells;
			sourceTree = "<group>";
		};
		528360B02809E40A00C50F6F /* Services */ = {
			isa = PBXGroup;
			children = (
				528360B12809E44E00C50F6F /* UserDefaultsManager.swift */,
			);
			path = Services;
			sourceTree = "<group>";
		};
		528360B42809E5C400C50F6F /* Models */ = {
			isa = PBXGroup;
			children = (
				528360B52809E62B00C50F6F /* UserModel.swift */,
				528360B7280A936000C50F6F /* AretrOk.swift */,
				528360B9280ADA0800C50F6F /* AlbumModel.swift */,
				52AA2651281007310028CCCC /* SongsModel.swift */,
			);
			path = Models;
			sourceTree = "<group>";
		};
		528360BB280AEFFA00C50F6F /* Network */ = {
			isa = PBXGroup;
			children = (
				528360BC280AF05D00C50F6F /* NetWorkRequest.swift */,
				528360BE280AF34400C50F6F /* NetworkDataFetch.swift */,
			);
			path = Network;
			sourceTree = "<group>";
		};
/* End PBXGroup section */

/* Begin PBXNativeTarget section */
		527EEE702800195400C4DE75 /* DarkMod */ = {
			isa = PBXNativeTarget;
			buildConfigurationList = 527EEE852800195500C4DE75 /* Build configuration list for PBXNativeTarget "DarkMod" */;
			buildPhases = (
				527EEE6D2800195400C4DE75 /* Sources */,
				527EEE6E2800195400C4DE75 /* Frameworks */,
				527EEE6F2800195400C4DE75 /* Resources */,
			);
			buildRules = (
			);
			dependencies = (
			);
			name = DarkMod;
			productName = DarkMod;
			productReference = 527EEE712800195400C4DE75 /* DarkMod.app */;
			productType = "com.apple.product-type.application";
		};
/* End PBXNativeTarget section */

/* Begin PBXProject section */
		527EEE692800195400C4DE75 /* Project object */ = {
			isa = PBXProject;
			attributes = {
				BuildIndependentTargetsInParallel = 1;
				LastSwiftUpdateCheck = 1310;
				LastUpgradeCheck = 1310;
				TargetAttributes = {
					527EEE702800195400C4DE75 = {
						CreatedOnToolsVersion = 13.1;
					};
				};
			};
			buildConfigurationList = 527EEE6C2800195400C4DE75 /* Build configuration list for PBXProject "DarkMod" */;
			compatibilityVersion = "Xcode 13.0";
			developmentRegion = en;
			hasScannedForEncodings = 0;
			knownRegions = (
				en,
				Base,
			);
			mainGroup = 527EEE682800195400C4DE75;
			productRefGroup = 527EEE722800195400C4DE75 /* Products */;
			projectDirPath = "";
			projectRoot = "";
			targets = (
				527EEE702800195400C4DE75 /* DarkMod */,
			);
		};
/* End PBXProject section */

/* Begin PBXResourcesBuildPhase section */
		527EEE6F2800195400C4DE75 /* Resources */ = {
			isa = PBXResourcesBuildPhase;
			buildActionMask = 2147483647;
			files = (
				527EEE812800195500C4DE75 /* LaunchScreen.storyboard in Resources */,
				527EEE7E2800195500C4DE75 /* Assets.xcassets in Resources */,
			);
			runOnlyForDeploymentPostprocessing = 0;
		};
/* End PBXResourcesBuildPhase section */

/* Begin PBXSourcesBuildPhase section */
		527EEE6D2800195400C4DE75 /* Sources */ = {
			isa = PBXSourcesBuildPhase;
			buildActionMask = 2147483647;
			files = (
				527EEE792800195400C4DE75 /* ViewController.swift in Sources */,
				527EEE752800195400C4DE75 /* AppDelegate.swift in Sources */,
				528360AF2809AB5E00C50F6F /* String + Extension.swift in Sources */,
				528360B22809E44E00C50F6F /* UserDefaultsManager.swift in Sources */,
				527EEE922801A03A00C4DE75 /* UIViewController + Extension.swift in Sources */,
				528360BD280AF05D00C50F6F /* NetWorkRequest.swift in Sources */,
				527EEE8E28009E0E00C4DE75 /* AlbumsViewController.swift in Sources */,
				527EEE972802005E00C4DE75 /* DetailAlbumsViewController.swift in Sources */,
				527EEE892800986900C4DE75 /* SingUpViewController.swift in Sources */,
				528360B62809E62B00C50F6F /* UserModel.swift in Sources */,
				527EEE952801FF8600C4DE75 /* AlbumsTableViewCell.swift in Sources */,
				528360B8280A936000C50F6F /* AretrOk.swift in Sources */,
				527EEE9028019F5B00C4DE75 /* UserInfoController.swift in Sources */,
				528360BF280AF34400C50F6F /* NetworkDataFetch.swift in Sources */,
				52AA2652281007310028CCCC /* SongsModel.swift in Sources */,
				527EEE8B28009A1200C4DE75 /* UIStackView + Extension.swift in Sources */,
				528360BA280ADA0800C50F6F /* AlbumModel.swift in Sources */,
				528360AD28030E0D00C50F6F /* SongCollectionViewCell.swift in Sources */,
				527EEE772800195400C4DE75 /* SceneDelegate.swift in Sources */,
			);
			runOnlyForDeploymentPostprocessing = 0;
		};
/* End PBXSourcesBuildPhase section */

/* Begin PBXVariantGroup section */
		527EEE7F2800195500C4DE75 /* LaunchScreen.storyboard */ = {
			isa = PBXVariantGroup;
			children = (
				527EEE802800195500C4DE75 /* Base */,
			);
			name = LaunchScreen.storyboard;
			sourceTree = "<group>";
		};
/* End PBXVariantGroup section */

/* Begin XCBuildConfiguration section */
		527EEE832800195500C4DE75 /* Debug */ = {
			isa = XCBuildConfiguration;
			buildSettings = {
				ALWAYS_SEARCH_USER_PATHS = NO;
				CLANG_ANALYZER_NONNULL = YES;
				CLANG_ANALYZER_NUMBER_OBJECT_CONVERSION = YES_AGGRESSIVE;
				CLANG_CXX_LANGUAGE_STANDARD = "gnu++17";
				CLANG_CXX_LIBRARY = "libc++";
				CLANG_ENABLE_MODULES = YES;
				CLANG_ENABLE_OBJC_ARC = YES;
				CLANG_ENABLE_OBJC_WEAK = YES;
				CLANG_WARN_BLOCK_CAPTURE_AUTORELEASING = YES;
				CLANG_WARN_BOOL_CONVERSION = YES;
				CLANG_WARN_COMMA = YES;
				CLANG_WARN_CONSTANT_CONVERSION = YES;
				CLANG_WARN_DEPRECATED_OBJC_IMPLEMENTATIONS = YES;
				CLANG_WARN_DIRECT_OBJC_ISA_USAGE = YES_ERROR;
				CLANG_WARN_DOCUMENTATION_COMMENTS = YES;
				CLANG_WARN_EMPTY_BODY = YES;
				CLANG_WARN_ENUM_CONVERSION = YES;
				CLANG_WARN_INFINITE_RECURSION = YES;
				CLANG_WARN_INT_CONVERSION = YES;
				CLANG_WARN_NON_LITERAL_NULL_CONVERSION = YES;
				CLANG_WARN_OBJC_IMPLICIT_RETAIN_SELF = YES;
				CLANG_WARN_OBJC_LITERAL_CONVERSION = YES;
				CLANG_WARN_OBJC_ROOT_CLASS = YES_ERROR;
				CLANG_WARN_QUOTED_INCLUDE_IN_FRAMEWORK_HEADER = YES;
				CLANG_WARN_RANGE_LOOP_ANALYSIS = YES;
				CLANG_WARN_STRICT_PROTOTYPES = YES;
				CLANG_WARN_SUSPICIOUS_MOVE = YES;
				CLANG_WARN_UNGUARDED_AVAILABILITY = YES_AGGRESSIVE;
				CLANG_WARN_UNREACHABLE_CODE = YES;
				CLANG_WARN__DUPLICATE_METHOD_MATCH = YES;
				COPY_PHASE_STRIP = NO;
				DEBUG_INFORMATION_FORMAT = dwarf;
				ENABLE_STRICT_OBJC_MSGSEND = YES;
				ENABLE_TESTABILITY = YES;
				GCC_C_LANGUAGE_STANDARD = gnu11;
				GCC_DYNAMIC_NO_PIC = NO;
				GCC_NO_COMMON_BLOCKS = YES;
				GCC_OPTIMIZATION_LEVEL = 0;
				GCC_PREPROCESSOR_DEFINITIONS = (
					"DEBUG=1",
					"$(inherited)",
				);
				GCC_WARN_64_TO_32_BIT_CONVERSION = YES;
				GCC_WARN_ABOUT_RETURN_TYPE = YES_ERROR;
				GCC_WARN_UNDECLARED_SELECTOR = YES;
				GCC_WARN_UNINITIALIZED_AUTOS = YES_AGGRESSIVE;
				GCC_WARN_UNUSED_FUNCTION = YES;
				GCC_WARN_UNUSED_VARIABLE = YES;
				IPHONEOS_DEPLOYMENT_TARGET = 15.0;
				MTL_ENABLE_DEBUG_INFO = INCLUDE_SOURCE;
				MTL_FAST_MATH = YES;
				ONLY_ACTIVE_ARCH = YES;
				SDKROOT = iphoneos;
				SWIFT_ACTIVE_COMPILATION_CONDITIONS = DEBUG;
				SWIFT_OPTIMIZATION_LEVEL = "-Onone";
			};
			name = Debug;
		};
		527EEE842800195500C4DE75 /* Release */ = {
			isa = XCBuildConfiguration;
			buildSettings = {
				ALWAYS_SEARCH_USER_PATHS = NO;
				CLANG_ANALYZER_NONNULL = YES;
				CLANG_ANALYZER_NUMBER_OBJECT_CONVERSION = YES_AGGRESSIVE;
				CLANG_CXX_LANGUAGE_STANDARD = "gnu++17";
				CLANG_CXX_LIBRARY = "libc++";
				CLANG_ENABLE_MODULES = YES;
				CLANG_ENABLE_OBJC_ARC = YES;
				CLANG_ENABLE_OBJC_WEAK = YES;
				CLANG_WARN_BLOCK_CAPTURE_AUTORELEASING = YES;
				CLANG_WARN_BOOL_CONVERSION = YES;
				CLANG_WARN_COMMA = YES;
				CLANG_WARN_CONSTANT_CONVERSION = YES;
				CLANG_WARN_DEPRECATED_OBJC_IMPLEMENTATIONS = YES;
				CLANG_WARN_DIRECT_OBJC_ISA_USAGE = YES_ERROR;
				CLANG_WARN_DOCUMENTATION_COMMENTS = YES;
				CLANG_WARN_EMPTY_BODY = YES;
				CLANG_WARN_ENUM_CONVERSION = YES;
				CLANG_WARN_INFINITE_RECURSION = YES;
				CLANG_WARN_INT_CONVERSION = YES;
				CLANG_WARN_NON_LITERAL_NULL_CONVERSION = YES;
				CLANG_WARN_OBJC_IMPLICIT_RETAIN_SELF = YES;
				CLANG_WARN_OBJC_LITERAL_CONVERSION = YES;
				CLANG_WARN_OBJC_ROOT_CLASS = YES_ERROR;
				CLANG_WARN_QUOTED_INCLUDE_IN_FRAMEWORK_HEADER = YES;
				CLANG_WARN_RANGE_LOOP_ANALYSIS = YES;
				CLANG_WARN_STRICT_PROTOTYPES = YES;
				CLANG_WARN_SUSPICIOUS_MOVE = YES;
				CLANG_WARN_UNGUARDED_AVAILABILITY = YES_AGGRESSIVE;
				CLANG_WARN_UNREACHABLE_CODE = YES;
				CLANG_WARN__DUPLICATE_METHOD_MATCH = YES;
				COPY_PHASE_STRIP = NO;
				DEBUG_INFORMATION_FORMAT = "dwarf-with-dsym";
				ENABLE_NS_ASSERTIONS = NO;
				ENABLE_STRICT_OBJC_MSGSEND = YES;
				GCC_C_LANGUAGE_STANDARD = gnu11;
				GCC_NO_COMMON_BLOCKS = YES;
				GCC_WARN_64_TO_32_BIT_CONVERSION = YES;
				GCC_WARN_ABOUT_RETURN_TYPE = YES_ERROR;
				GCC_WARN_UNDECLARED_SELECTOR = YES;
				GCC_WARN_UNINITIALIZED_AUTOS = YES_AGGRESSIVE;
				GCC_WARN_UNUSED_FUNCTION = YES;
				GCC_WARN_UNUSED_VARIABLE = YES;
				IPHONEOS_DEPLOYMENT_TARGET = 15.0;
				MTL_ENABLE_DEBUG_INFO = NO;
				MTL_FAST_MATH = YES;
				SDKROOT = iphoneos;
				SWIFT_COMPILATION_MODE = wholemodule;
				SWIFT_OPTIMIZATION_LEVEL = "-O";
				VALIDATE_PRODUCT = YES;
			};
			name = Release;
		};
		527EEE862800195500C4DE75 /* Debug */ = {
			isa = XCBuildConfiguration;
			buildSettings = {
				ASSETCATALOG_COMPILER_APPICON_NAME = AppIcon;
				ASSETCATALOG_COMPILER_GLOBAL_ACCENT_COLOR_NAME = AccentColor;
				CODE_SIGN_STYLE = Automatic;
				CURRENT_PROJECT_VERSION = 1;
				DEVELOPMENT_TEAM = 553DP5SJ57;
				GENERATE_INFOPLIST_FILE = YES;
				INFOPLIST_FILE = DarkMod/Info.plist;
				INFOPLIST_KEY_UIApplicationSupportsIndirectInputEvents = YES;
				INFOPLIST_KEY_UILaunchStoryboardName = LaunchScreen;
				INFOPLIST_KEY_UISupportedInterfaceOrientations_iPad = "UIInterfaceOrientationPortrait UIInterfaceOrientationPortraitUpsideDown UIInterfaceOrientationLandscapeLeft UIInterfaceOrientationLandscapeRight";
				INFOPLIST_KEY_UISupportedInterfaceOrientations_iPhone = "UIInterfaceOrientationPortrait UIInterfaceOrientationLandscapeLeft UIInterfaceOrientationLandscapeRight";
				LD_RUNPATH_SEARCH_PATHS = (
					"$(inherited)",
					"@executable_path/Frameworks",
				);
				MARKETING_VERSION = 1.0;
				PRODUCT_BUNDLE_IDENTIFIER = ASaidaxmad.DarkMod;
				PRODUCT_NAME = "$(TARGET_NAME)";
				SWIFT_EMIT_LOC_STRINGS = YES;
				SWIFT_VERSION = 5.0;
				TARGETED_DEVICE_FAMILY = "1,2";
			};
			name = Debug;
		};
		527EEE872800195500C4DE75 /* Release */ = {
			isa = XCBuildConfiguration;
			buildSettings = {
				ASSETCATALOG_COMPILER_APPICON_NAME = AppIcon;
				ASSETCATALOG_COMPILER_GLOBAL_ACCENT_COLOR_NAME = AccentColor;
				CODE_SIGN_STYLE = Automatic;
				CURRENT_PROJECT_VERSION = 1;
				DEVELOPMENT_TEAM = 553DP5SJ57;
				GENERATE_INFOPLIST_FILE = YES;
				INFOPLIST_FILE = DarkMod/Info.plist;
				INFOPLIST_KEY_UIApplicationSupportsIndirectInputEvents = YES;
				INFOPLIST_KEY_UILaunchStoryboardName = LaunchScreen;
				INFOPLIST_KEY_UISupportedInterfaceOrientations_iPad = "UIInterfaceOrientationPortrait UIInterfaceOrientationPortraitUpsideDown UIInterfaceOrientationLandscapeLeft UIInterfaceOrientationLandscapeRight";
				INFOPLIST_KEY_UISupportedInterfaceOrientations_iPhone = "UIInterfaceOrientationPortrait UIInterfaceOrientationLandscapeLeft UIInterfaceOrientationLandscapeRight";
				LD_RUNPATH_SEARCH_PATHS = (
					"$(inherited)",
					"@executable_path/Frameworks",
				);
				MARKETING_VERSION = 1.0;
				PRODUCT_BUNDLE_IDENTIFIER = ASaidaxmad.DarkMod;
				PRODUCT_NAME = "$(TARGET_NAME)";
				SWIFT_EMIT_LOC_STRINGS = YES;
				SWIFT_VERSION = 5.0;
				TARGETED_DEVICE_FAMILY = "1,2";
			};
			name = Release;
		};
/* End XCBuildConfiguration section */

/* Begin XCConfigurationList section */
		527EEE6C2800195400C4DE75 /* Build configuration list for PBXProject "DarkMod" */ = {
			isa = XCConfigurationList;
			buildConfigurations = (
				527EEE832800195500C4DE75 /* Debug */,
				527EEE842800195500C4DE75 /* Release */,
			);
			defaultConfigurationIsVisible = 0;
			defaultConfigurationName = Release;
		};
		527EEE852800195500C4DE75 /* Build configuration list for PBXNativeTarget "DarkMod" */ = {
			isa = XCConfigurationList;
			buildConfigurations = (
				527EEE862800195500C4DE75 /* Debug */,
				527EEE872800195500C4DE75 /* Release */,
			);
			defaultConfigurationIsVisible = 0;
			defaultConfigurationName = Release;
		};
/* End XCConfigurationList section */
	};
	rootObject = 527EEE692800195400C4DE75 /* Project object */;
}
